// !$*UTF8*$!
{
	archiveVersion = 1;
	classes = {
	};
	objectVersion = 77;
	objects = {

/* Begin PBXContainerItemProxy section */
		6701E00F2D81D73C00B38AAB /* PBXContainerItemProxy */ = {
			isa = PBXContainerItemProxy;
			containerPortal = 6701DFF62D81D73A00B38AAB /* Project object */;
			proxyType = 1;
			remoteGlobalIDString = 6701DFFD2D81D73A00B38AAB;
			remoteInfo = SwiftUIRedux;
		};
		6701E0192D81D73C00B38AAB /* PBXContainerItemProxy */ = {
			isa = PBXContainerItemProxy;
			containerPortal = 6701DFF62D81D73A00B38AAB /* Project object */;
			proxyType = 1;
			remoteGlobalIDString = 6701DFFD2D81D73A00B38AAB;
			remoteInfo = SwiftUIRedux;
		};
/* End PBXContainerItemProxy section */

/* Begin PBXFileReference section */
		6701DFFE2D81D73A00B38AAB /* SwiftUIRedux.app */ = {isa = PBXFileReference; explicitFileType = wrapper.application; includeInIndex = 0; path = SwiftUIRedux.app; sourceTree = BUILT_PRODUCTS_DIR; };
		6701E00E2D81D73C00B38AAB /* SwiftUIReduxTests.xctest */ = {isa = PBXFileReference; explicitFileType = wrapper.cfbundle; includeInIndex = 0; path = SwiftUIReduxTests.xctest; sourceTree = BUILT_PRODUCTS_DIR; };
		6701E0182D81D73C00B38AAB /* SwiftUIReduxUITests.xctest */ = {isa = PBXFileReference; explicitFileType = wrapper.cfbundle; includeInIndex = 0; path = SwiftUIReduxUITests.xctest; sourceTree = BUILT_PRODUCTS_DIR; };
/* End PBXFileReference section */

/* Begin PBXFileSystemSynchronizedRootGroup section */
		6701E0002D81D73A00B38AAB /* SwiftUIRedux */ = {
			isa = PBXFileSystemSynchronizedRootGroup;
			path = SwiftUIRedux;
			sourceTree = "<group>";
		};
		6701E0112D81D73C00B38AAB /* SwiftUIReduxTests */ = {
			isa = PBXFileSystemSynchronizedRootGroup;
			path = SwiftUIReduxTests;
			sourceTree = "<group>";
		};
		6701E01B2D81D73C00B38AAB /* SwiftUIReduxUITests */ = {
			isa = PBXFileSystemSynchronizedRootGroup;
			path = SwiftUIReduxUITests;
			sourceTree = "<group>";
		};
/* End PBXFileSystemSynchronizedRootGroup section */

/* Begin PBXFrameworksBuildPhase section */
		6701DFFB2D81D73A00B38AAB /* Frameworks */ = {
			isa = PBXFrameworksBuildPhase;
			buildActionMask = 2147483647;
			files = (
			);
			runOnlyForDeploymentPostprocessing = 0;
		};
		6701E00B2D81D73C00B38AAB /* Frameworks */ = {
			isa = PBXFrameworksBuildPhase;
			buildActionMask = 2147483647;
			files = (
			);
			runOnlyForDeploymentPostprocessing = 0;
		};
		6701E0152D81D73C00B38AAB /* Frameworks */ = {
			isa = PBXFrameworksBuildPhase;
			buildActionMask = 2147483647;
			files = (
			);
			runOnlyForDeploymentPostprocessing = 0;
		};
/* End PBXFrameworksBuildPhase section */

/* Begin PBXGroup section */
		6701DFF52D81D73A00B38AAB = {
			isa = PBXGroup;
			children = (
				6701E0002D81D73A00B38AAB /* SwiftUIRedux */,
				6701E0112D81D73C00B38AAB /* SwiftUIReduxTests */,
				6701E01B2D81D73C00B38AAB /* SwiftUIReduxUITests */,
				6701DFFF2D81D73A00B38AAB /* Products */,
			);
			sourceTree = "<group>";
		};
		6701DFFF2D81D73A00B38AAB /* Products */ = {
			isa = PBXGroup;
			children = (
				6701DFFE2D81D73A00B38AAB /* SwiftUIRedux.app */,
				6701E00E2D81D73C00B38AAB /* SwiftUIReduxTests.xctest */,
				6701E0182D81D73C00B38AAB /* SwiftUIReduxUITests.xctest */,
			);
			name = Products;
			sourceTree = "<group>";
		};
/* End PBXGroup section */

/* Begin PBXNativeTarget section */
		6701DFFD2D81D73A00B38AAB /* SwiftUIRedux */ = {
			isa = PBXNativeTarget;
			buildConfigurationList = 6701E0222D81D73C00B38AAB /* Build configuration list for PBXNativeTarget "SwiftUIRedux" */;
			buildPhases = (
				6701DFFA2D81D73A00B38AAB /* Sources */,
				6701DFFB2D81D73A00B38AAB /* Frameworks */,
				6701DFFC2D81D73A00B38AAB /* Resources */,
			);
			buildRules = (
			);
			dependencies = (
			);
			fileSystemSynchronizedGroups = (
				6701E0002D81D73A00B38AAB /* SwiftUIRedux */,
			);
			name = SwiftUIRedux;
			packageProductDependencies = (
			);
			productName = SwiftUIRedux;
			productReference = 6701DFFE2D81D73A00B38AAB /* SwiftUIRedux.app */;
			productType = "com.apple.product-type.application";
		};
		6701E00D2D81D73C00B38AAB /* SwiftUIReduxTests */ = {
			isa = PBXNativeTarget;
			buildConfigurationList = 6701E0252D81D73C00B38AAB /* Build configuration list for PBXNativeTarget "SwiftUIReduxTests" */;
			buildPhases = (
				6701E00A2D81D73C00B38AAB /* Sources */,
				6701E00B2D81D73C00B38AAB /* Frameworks */,
				6701E00C2D81D73C00B38AAB /* Resources */,
			);
			buildRules = (
			);
			dependencies = (
				6701E0102D81D73C00B38AAB /* PBXTargetDependency */,
			);
			fileSystemSynchronizedGroups = (
				6701E0112D81D73C00B38AAB /* SwiftUIReduxTests */,
			);
			name = SwiftUIReduxTests;
			packageProductDependencies = (
			);
			productName = SwiftUIReduxTests;
			productReference = 6701E00E2D81D73C00B38AAB /* SwiftUIReduxTests.xctest */;
			productType = "com.apple.product-type.bundle.unit-test";
		};
		6701E0172D81D73C00B38AAB /* SwiftUIReduxUITests */ = {
			isa = PBXNativeTarget;
			buildConfigurationList = 6701E0282D81D73C00B38AAB /* Build configuration list for PBXNativeTarget "SwiftUIReduxUITests" */;
			buildPhases = (
				6701E0142D81D73C00B38AAB /* Sources */,
				6701E0152D81D73C00B38AAB /* Frameworks */,
				6701E0162D81D73C00B38AAB /* Resources */,
			);
			buildRules = (
			);
			dependencies = (
				6701E01A2D81D73C00B38AAB /* PBXTargetDependency */,
			);
			fileSystemSynchronizedGroups = (
				6701E01B2D81D73C00B38AAB /* SwiftUIReduxUITests */,
			);
			name = SwiftUIReduxUITests;
			packageProductDependencies = (
			);
			productName = SwiftUIReduxUITests;
			productReference = 6701E0182D81D73C00B38AAB /* SwiftUIReduxUITests.xctest */;
			productType = "com.apple.product-type.bundle.ui-testing";
		};
/* End PBXNativeTarget section */

/* Begin PBXProject section */
		6701DFF62D81D73A00B38AAB /* Project object */ = {
			isa = PBXProject;
			attributes = {
				BuildIndependentTargetsInParallel = 1;
				LastSwiftUpdateCheck = 1620;
				LastUpgradeCheck = 1620;
				TargetAttributes = {
					6701DFFD2D81D73A00B38AAB = {
						CreatedOnToolsVersion = 16.2;
					};
					6701E00D2D81D73C00B38AAB = {
						CreatedOnToolsVersion = 16.2;
						TestTargetID = 6701DFFD2D81D73A00B38AAB;
					};
					6701E0172D81D73C00B38AAB = {
						CreatedOnToolsVersion = 16.2;
						TestTargetID = 6701DFFD2D81D73A00B38AAB;
					};
				};
			};
			buildConfigurationList = 6701DFF92D81D73A00B38AAB /* Build configuration list for PBXProject "SwiftUIRedux" */;
			developmentRegion = en;
			hasScannedForEncodings = 0;
			knownRegions = (
				en,
				Base,
			);
			mainGroup = 6701DFF52D81D73A00B38AAB;
			minimizedProjectReferenceProxies = 1;
			preferredProjectObjectVersion = 77;
			productRefGroup = 6701DFFF2D81D73A00B38AAB /* Products */;
			projectDirPath = "";
			projectRoot = "";
			targets = (
				6701DFFD2D81D73A00B38AAB /* SwiftUIRedux */,
				6701E00D2D81D73C00B38AAB /* SwiftUIReduxTests */,
				6701E0172D81D73C00B38AAB /* SwiftUIReduxUITests */,
			);
		};
/* End PBXProject section */

/* Begin PBXResourcesBuildPhase section */
		6701DFFC2D81D73A00B38AAB /* Resources */ = {
			isa = PBXResourcesBuildPhase;
			buildActionMask = 2147483647;
			files = (
			);
			runOnlyForDeploymentPostprocessing = 0;
		};
		6701E00C2D81D73C00B38AAB /* Resources */ = {
			isa = PBXResourcesBuildPhase;
			buildActionMask = 2147483647;
			files = (
			);
			runOnlyForDeploymentPostprocessing = 0;
		};
		6701E0162D81D73C00B38AAB /* Resources */ = {
			isa = PBXResourcesBuildPhase;
			buildActionMask = 2147483647;
			files = (
			);
			runOnlyForDeploymentPostprocessing = 0;
		};
/* End PBXResourcesBuildPhase section */

/* Begin PBXSourcesBuildPhase section */
		6701DFFA2D81D73A00B38AAB /* Sources */ = {
			isa = PBXSourcesBuildPhase;
			buildActionMask = 2147483647;
			files = (
			);
			runOnlyForDeploymentPostprocessing = 0;
		};
		6701E00A2D81D73C00B38AAB /* Sources */ = {
			isa = PBXSourcesBuildPhase;
			buildActionMask = 2147483647;
			files = (
			);
			runOnlyForDeploymentPostprocessing = 0;
		};
		6701E0142D81D73C00B38AAB /* Sources */ = {
			isa = PBXSourcesBuildPhase;
			buildActionMask = 2147483647;
			files = (
			);
			runOnlyForDeploymentPostprocessing = 0;
		};
/* End PBXSourcesBuildPhase section */

/* Begin PBXTargetDependency section */
		6701E0102D81D73C00B38AAB /* PBXTargetDependency */ = {
			isa = PBXTargetDependency;
			target = 6701DFFD2D81D73A00B38AAB /* SwiftUIRedux */;
			targetProxy = 6701E00F2D81D73C00B38AAB /* PBXContainerItemProxy */;
		};
		6701E01A2D81D73C00B38AAB /* PBXTargetDependency */ = {
			isa = PBXTargetDependency;
			target = 6701DFFD2D81D73A00B38AAB /* SwiftUIRedux */;
			targetProxy = 6701E0192D81D73C00B38AAB /* PBXContainerItemProxy */;
		};
/* End PBXTargetDependency section */

/* Begin XCBuildConfiguration section */
		6701E0202D81D73C00B38AAB /* Debug */ = {
			isa = XCBuildConfiguration;
			buildSettings = {
				ALWAYS_SEARCH_USER_PATHS = NO;
				ASSETCATALOG_COMPILER_GENERATE_SWIFT_ASSET_SYMBOL_EXTENSIONS = YES;
				CLANG_ANALYZER_NONNULL = YES;
				CLANG_ANALYZER_NUMBER_OBJECT_CONVERSION = YES_AGGRESSIVE;
				CLANG_CXX_LANGUAGE_STANDARD = "gnu++20";
				CLANG_ENABLE_MODULES = YES;
				CLANG_ENABLE_OBJC_ARC = YES;
				CLANG_ENABLE_OBJC_WEAK = YES;
				CLANG_WARN_BLOCK_CAPTURE_AUTORELEASING = YES;
				CLANG_WARN_BOOL_CONVERSION = YES;
				CLANG_WARN_COMMA = YES;
				CLANG_WARN_CONSTANT_CONVERSION = YES;
				CLANG_WARN_DEPRECATED_OBJC_IMPLEMENTATIONS = YES;
				CLANG_WARN_DIRECT_OBJC_ISA_USAGE = YES_ERROR;
				CLANG_WARN_DOCUMENTATION_COMMENTS = YES;
				CLANG_WARN_EMPTY_BODY = YES;
				CLANG_WARN_ENUM_CONVERSION = YES;
				CLANG_WARN_INFINITE_RECURSION = YES;
				CLANG_WARN_INT_CONVERSION = YES;
				CLANG_WARN_NON_LITERAL_NULL_CONVERSION = YES;
				CLANG_WARN_OBJC_IMPLICIT_RETAIN_SELF = YES;
				CLANG_WARN_OBJC_LITERAL_CONVERSION = YES;
				CLANG_WARN_OBJC_ROOT_CLASS = YES_ERROR;
				CLANG_WARN_QUOTED_INCLUDE_IN_FRAMEWORK_HEADER = YES;
				CLANG_WARN_RANGE_LOOP_ANALYSIS = YES;
				CLANG_WARN_STRICT_PROTOTYPES = YES;
				CLANG_WARN_SUSPICIOUS_MOVE = YES;
				CLANG_WARN_UNGUARDED_AVAILABILITY = YES_AGGRESSIVE;
				CLANG_WARN_UNREACHABLE_CODE = YES;
				CLANG_WARN__DUPLICATE_METHOD_MATCH = YES;
				COPY_PHASE_STRIP = NO;
				DEBUG_INFORMATION_FORMAT = dwarf;
				ENABLE_STRICT_OBJC_MSGSEND = YES;
				ENABLE_TESTABILITY = YES;
				ENABLE_USER_SCRIPT_SANDBOXING = YES;
				GCC_C_LANGUAGE_STANDARD = gnu17;
				GCC_DYNAMIC_NO_PIC = NO;
				GCC_NO_COMMON_BLOCKS = YES;
				GCC_OPTIMIZATION_LEVEL = 0;
				GCC_PREPROCESSOR_DEFINITIONS = (
					"DEBUG=1",
					"$(inherited)",
				);
				GCC_WARN_64_TO_32_BIT_CONVERSION = YES;
				GCC_WARN_ABOUT_RETURN_TYPE = YES_ERROR;
				GCC_WARN_UNDECLARED_SELECTOR = YES;
				GCC_WARN_UNINITIALIZED_AUTOS = YES_AGGRESSIVE;
				GCC_WARN_UNUSED_FUNCTION = YES;
				GCC_WARN_UNUSED_VARIABLE = YES;
				IPHONEOS_DEPLOYMENT_TARGET = 18.2;
				LOCALIZATION_PREFERS_STRING_CATALOGS = YES;
				MTL_ENABLE_DEBUG_INFO = INCLUDE_SOURCE;
				MTL_FAST_MATH = YES;
				ONLY_ACTIVE_ARCH = YES;
				SDKROOT = iphoneos;
				SWIFT_ACTIVE_COMPILATION_CONDITIONS = "DEBUG $(inherited)";
				SWIFT_OPTIMIZATION_LEVEL = "-Onone";
			};
			name = Debug;
		};
		6701E0212D81D73C00B38AAB /* Release */ = {
			isa = XCBuildConfiguration;
			buildSettings = {
				ALWAYS_SEARCH_USER_PATHS = NO;
				ASSETCATALOG_COMPILER_GENERATE_SWIFT_ASSET_SYMBOL_EXTENSIONS = YES;
				CLANG_ANALYZER_NONNULL = YES;
				CLANG_ANALYZER_NUMBER_OBJECT_CONVERSION = YES_AGGRESSIVE;
				CLANG_CXX_LANGUAGE_STANDARD = "gnu++20";
				CLANG_ENABLE_MODULES = YES;
				CLANG_ENABLE_OBJC_ARC = YES;
				CLANG_ENABLE_OBJC_WEAK = YES;
				CLANG_WARN_BLOCK_CAPTURE_AUTORELEASING = YES;
				CLANG_WARN_BOOL_CONVERSION = YES;
				CLANG_WARN_COMMA = YES;
				CLANG_WARN_CONSTANT_CONVERSION = YES;
				CLANG_WARN_DEPRECATED_OBJC_IMPLEMENTATIONS = YES;
				CLANG_WARN_DIRECT_OBJC_ISA_USAGE = YES_ERROR;
				CLANG_WARN_DOCUMENTATION_COMMENTS = YES;
				CLANG_WARN_EMPTY_BODY = YES;
				CLANG_WARN_ENUM_CONVERSION = YES;
				CLANG_WARN_INFINITE_RECURSION = YES;
				CLANG_WARN_INT_CONVERSION = YES;
				CLANG_WARN_NON_LITERAL_NULL_CONVERSION = YES;
				CLANG_WARN_OBJC_IMPLICIT_RETAIN_SELF = YES;
				CLANG_WARN_OBJC_LITERAL_CONVERSION = YES;
				CLANG_WARN_OBJC_ROOT_CLASS = YES_ERROR;
				CLANG_WARN_QUOTED_INCLUDE_IN_FRAMEWORK_HEADER = YES;
				CLANG_WARN_RANGE_LOOP_ANALYSIS = YES;
				CLANG_WARN_STRICT_PROTOTYPES = YES;
				CLANG_WARN_SUSPICIOUS_MOVE = YES;
				CLANG_WARN_UNGUARDED_AVAILABILITY = YES_AGGRESSIVE;
				CLANG_WARN_UNREACHABLE_CODE = YES;
				CLANG_WARN__DUPLICATE_METHOD_MATCH = YES;
				COPY_PHASE_STRIP = NO;
				DEBUG_INFORMATION_FORMAT = "dwarf-with-dsym";
				ENABLE_NS_ASSERTIONS = NO;
				ENABLE_STRICT_OBJC_MSGSEND = YES;
				ENABLE_USER_SCRIPT_SANDBOXING = YES;
				GCC_C_LANGUAGE_STANDARD = gnu17;
				GCC_NO_COMMON_BLOCKS = YES;
				GCC_WARN_64_TO_32_BIT_CONVERSION = YES;
				GCC_WARN_ABOUT_RETURN_TYPE = YES_ERROR;
				GCC_WARN_UNDECLARED_SELECTOR = YES;
				GCC_WARN_UNINITIALIZED_AUTOS = YES_AGGRESSIVE;
				GCC_WARN_UNUSED_FUNCTION = YES;
				GCC_WARN_UNUSED_VARIABLE = YES;
				IPHONEOS_DEPLOYMENT_TARGET = 18.2;
				LOCALIZATION_PREFERS_STRING_CATALOGS = YES;
				MTL_ENABLE_DEBUG_INFO = NO;
				MTL_FAST_MATH = YES;
				SDKROOT = iphoneos;
				SWIFT_COMPILATION_MODE = wholemodule;
				VALIDATE_PRODUCT = YES;
			};
			name = Release;
		};
		6701E0232D81D73C00B38AAB /* Debug */ = {
			isa = XCBuildConfiguration;
			buildSettings = {
				ASSETCATALOG_COMPILER_APPICON_NAME = AppIcon;
				ASSETCATALOG_COMPILER_GLOBAL_ACCENT_COLOR_NAME = AccentColor;
				CODE_SIGN_STYLE = Automatic;
				CURRENT_PROJECT_VERSION = 1;
				DEVELOPMENT_ASSET_PATHS = "\"SwiftUIRedux/Preview Content\"";
				DEVELOPMENT_TEAM = D6NJK5G93X;
				ENABLE_PREVIEWS = YES;
				GENERATE_INFOPLIST_FILE = YES;
				INFOPLIST_KEY_UIApplicationSceneManifest_Generation = YES;
				INFOPLIST_KEY_UIApplicationSupportsIndirectInputEvents = YES;
				INFOPLIST_KEY_UILaunchScreen_Generation = YES;
				INFOPLIST_KEY_UISupportedInterfaceOrientations_iPad = "UIInterfaceOrientationPortrait UIInterfaceOrientationPortraitUpsideDown UIInterfaceOrientationLandscapeLeft UIInterfaceOrientationLandscapeRight";
				INFOPLIST_KEY_UISupportedInterfaceOrientations_iPhone = "UIInterfaceOrientationPortrait UIInterfaceOrientationLandscapeLeft UIInterfaceOrientationLandscapeRight";
				LD_RUNPATH_SEARCH_PATHS = (
					"$(inherited)",
					"@executable_path/Frameworks",
				);
				MARKETING_VERSION = 1.0;
				PRODUCT_BUNDLE_IDENTIFIER = com.auriga.SwiftUIRedux;
				PRODUCT_NAME = "$(TARGET_NAME)";
				SWIFT_EMIT_LOC_STRINGS = YES;
				SWIFT_VERSION = 5.0;
				TARGETED_DEVICE_FAMILY = "1,2";
			};
			name = Debug;
		};
		6701E0242D81D73C00B38AAB /* Release */ = {
			isa = XCBuildConfiguration;
			buildSettings = {
				ASSETCATALOG_COMPILER_APPICON_NAME = AppIcon;
				ASSETCATALOG_COMPILER_GLOBAL_ACCENT_COLOR_NAME = AccentColor;
				CODE_SIGN_STYLE = Automatic;
				CURRENT_PROJECT_VERSION = 1;
				DEVELOPMENT_ASSET_PATHS = "\"SwiftUIRedux/Preview Content\"";
				DEVELOPMENT_TEAM = D6NJK5G93X;
				ENABLE_PREVIEWS = YES;
				GENERATE_INFOPLIST_FILE = YES;
				INFOPLIST_KEY_UIApplicationSceneManifest_Generation = YES;
				INFOPLIST_KEY_UIApplicationSupportsIndirectInputEvents = YES;
				INFOPLIST_KEY_UILaunchScreen_Generation = YES;
				INFOPLIST_KEY_UISupportedInterfaceOrientations_iPad = "UIInterfaceOrientationPortrait UIInterfaceOrientationPortraitUpsideDown UIInterfaceOrientationLandscapeLeft UIInterfaceOrientationLandscapeRight";
				INFOPLIST_KEY_UISupportedInterfaceOrientations_iPhone = "UIInterfaceOrientationPortrait UIInterfaceOrientationLandscapeLeft UIInterfaceOrientationLandscapeRight";
				LD_RUNPATH_SEARCH_PATHS = (
					"$(inherited)",
					"@executable_path/Frameworks",
				);
				MARKETING_VERSION = 1.0;
				PRODUCT_BUNDLE_IDENTIFIER = com.auriga.SwiftUIRedux;
				PRODUCT_NAME = "$(TARGET_NAME)";
				SWIFT_EMIT_LOC_STRINGS = YES;
				SWIFT_VERSION = 5.0;
				TARGETED_DEVICE_FAMILY = "1,2";
			};
			name = Release;
		};
		6701E0262D81D73C00B38AAB /* Debug */ = {
			isa = XCBuildConfiguration;
			buildSettings = {
				BUNDLE_LOADER = "$(TEST_HOST)";
				CODE_SIGN_STYLE = Automatic;
				CURRENT_PROJECT_VERSION = 1;
				DEVELOPMENT_TEAM = D6NJK5G93X;
				GENERATE_INFOPLIST_FILE = YES;
				IPHONEOS_DEPLOYMENT_TARGET = 18.2;
				MARKETING_VERSION = 1.0;
				PRODUCT_BUNDLE_IDENTIFIER = com.auriga.SwiftUIReduxTests;
				PRODUCT_NAME = "$(TARGET_NAME)";
				SWIFT_EMIT_LOC_STRINGS = NO;
				SWIFT_VERSION = 5.0;
				TARGETED_DEVICE_FAMILY = "1,2";
				TEST_HOST = "$(BUILT_PRODUCTS_DIR)/SwiftUIRedux.app/$(BUNDLE_EXECUTABLE_FOLDER_PATH)/SwiftUIRedux";
			};
			name = Debug;
		};
		6701E0272D81D73C00B38AAB /* Release */ = {
			isa = XCBuildConfiguration;
			buildSettings = {
				BUNDLE_LOADER = "$(TEST_HOST)";
				CODE_SIGN_STYLE = Automatic;
				CURRENT_PROJECT_VERSION = 1;
				DEVELOPMENT_TEAM = D6NJK5G93X;
				GENERATE_INFOPLIST_FILE = YES;
				IPHONEOS_DEPLOYMENT_TARGET = 18.2;
				MARKETING_VERSION = 1.0;
				PRODUCT_BUNDLE_IDENTIFIER = com.auriga.SwiftUIReduxTests;
				PRODUCT_NAME = "$(TARGET_NAME)";
				SWIFT_EMIT_LOC_STRINGS = NO;
				SWIFT_VERSION = 5.0;
				TARGETED_DEVICE_FAMILY = "1,2";
				TEST_HOST = "$(BUILT_PRODUCTS_DIR)/SwiftUIRedux.app/$(BUNDLE_EXECUTABLE_FOLDER_PATH)/SwiftUIRedux";
			};
			name = Release;
		};
		6701E0292D81D73C00B38AAB /* Debug */ = {
			isa = XCBuildConfiguration;
			buildSettings = {
				CODE_SIGN_STYLE = Automatic;
				CURRENT_PROJECT_VERSION = 1;
				DEVELOPMENT_TEAM = D6NJK5G93X;
				GENERATE_INFOPLIST_FILE = YES;
				MARKETING_VERSION = 1.0;
				PRODUCT_BUNDLE_IDENTIFIER = com.auriga.SwiftUIReduxUITests;
				PRODUCT_NAME = "$(TARGET_NAME)";
				SWIFT_EMIT_LOC_STRINGS = NO;
				SWIFT_VERSION = 5.0;
				TARGETED_DEVICE_FAMILY = "1,2";
				TEST_TARGET_NAME = SwiftUIRedux;
			};
			name = Debug;
		};
		6701E02A2D81D73C00B38AAB /* Release */ = {
			isa = XCBuildConfiguration;
			buildSettings = {
				CODE_SIGN_STYLE = Automatic;
				CURRENT_PROJECT_VERSION = 1;
				DEVELOPMENT_TEAM = D6NJK5G93X;
				GENERATE_INFOPLIST_FILE = YES;
				MARKETING_VERSION = 1.0;
				PRODUCT_BUNDLE_IDENTIFIER = com.auriga.SwiftUIReduxUITests;
				PRODUCT_NAME = "$(TARGET_NAME)";
				SWIFT_EMIT_LOC_STRINGS = NO;
				SWIFT_VERSION = 5.0;
				TARGETED_DEVICE_FAMILY = "1,2";
				TEST_TARGET_NAME = SwiftUIRedux;
			};
			name = Release;
		};
/* End XCBuildConfiguration section */

/* Begin XCConfigurationList section */
		6701DFF92D81D73A00B38AAB /* Build configuration list for PBXProject "SwiftUIRedux" */ = {
			isa = XCConfigurationList;
			buildConfigurations = (
				6701E0202D81D73C00B38AAB /* Debug */,
				6701E0212D81D73C00B38AAB /* Release */,
			);
			defaultConfigurationIsVisible = 0;
			defaultConfigurationName = Release;
		};
		6701E0222D81D73C00B38AAB /* Build configuration list for PBXNativeTarget "SwiftUIRedux" */ = {
			isa = XCConfigurationList;
			buildConfigurations = (
				6701E0232D81D73C00B38AAB /* Debug */,
				6701E0242D81D73C00B38AAB /* Release */,
			);
			defaultConfigurationIsVisible = 0;
			defaultConfigurationName = Release;
		};
		6701E0252D81D73C00B38AAB /* Build configuration list for PBXNativeTarget "SwiftUIReduxTests" */ = {
			isa = XCConfigurationList;
			buildConfigurations = (
				6701E0262D81D73C00B38AAB /* Debug */,
				6701E0272D81D73C00B38AAB /* Release */,
			);
			defaultConfigurationIsVisible = 0;
			defaultConfigurationName = Release;
		};
		6701E0282D81D73C00B38AAB /* Build configuration list for PBXNativeTarget "SwiftUIReduxUITests" */ = {
			isa = XCConfigurationList;
			buildConfigurations = (
				6701E0292D81D73C00B38AAB /* Debug */,
				6701E02A2D81D73C00B38AAB /* Release */,
			);
			defaultConfigurationIsVisible = 0;
			defaultConfigurationName = Release;
		};
/* End XCConfigurationList section */
	};
	rootObject = 6701DFF62D81D73A00B38AAB /* Project object */;
}
